
Microsoft Visual Studio Solution File, Format Version 12.00
# Visual Studio Version 16
VisualStudioVersion = 16.0.32126.315
MinimumVisualStudioVersion = 10.0.40219.1
Project("{FAE04EC0-301F-11D3-BF4B-00C04F79EFBC}") = "GenerateJsonDataSet", "MovieProject\GenerateJsonDataSet.csproj", "{40F934A8-0EED-4655-A69D-4E56E8AD3DBC}"
EndProject
Global
	GlobalSection(SolutionConfigurationPlatforms) = preSolution
		Debug|Any CPU = Debug|Any CPU
		Release|Any CPU = Release|Any CPU
	EndGlobalSection
	GlobalSection(ProjectConfigurationPlatforms) = postSolution
		{40F934A8-0EED-4655-A69D-4E56E8AD3DBC}.Debug|Any CPU.ActiveCfg = Debug|Any CPU
		{40F934A8-0EED-4655-A69D-4E56E8AD3DBC}.Debug|Any CPU.Build.0 = Debug|Any CPU
		{40F934A8-0EED-4655-A69D-4E56E8AD3DBC}.Release|Any CPU.ActiveCfg = Release|Any CPU
		{40F934A8-0EED-4655-A69D-4E56E8AD3DBC}.Release|Any CPU.Build.0 = Release|Any CPU
	EndGlobalSection
	GlobalSection(SolutionProperties) = preSolution
		HideSolutionNode = FALSE
	EndGlobalSection
	GlobalSection(ExtensibilityGlobals) = postSolution
		SolutionGuid = {4AD6F630-68D4-4447-910B-0ADE60E55216}
	EndGlobalSection
EndGlobal
